
Microsoft Visual Studio Solution File, Format Version 12.00
# Visual Studio Version 17
VisualStudioVersion = 17.5.2.0
MinimumVisualStudioVersion = 10.0.40219.1
Project("{FAE04EC0-301F-11D3-BF4B-00C04F79EFBC}") = "eShop", "eShop\eShop.csproj", "{951F54B3-7F0C-60F3-C94B-9553209FBEC7}"
EndProject
Project("{2150E333-8FDC-42A3-9474-1A3956D46DE8}") = "ApiGateway", "ApiGateway", "{25D181DD-5CC9-F0B3-C64F-91E1AA77FD70}"
EndProject
Project("{2150E333-8FDC-42A3-9474-1A3956D46DE8}") = "Microservices", "Microservices", "{8A367DDA-5161-A942-4F09-60E4726C9306}"
EndProject
Project("{FAE04EC0-301F-11D3-BF4B-00C04F79EFBC}") = "APIGateway", "ApiGateway\ApiGateway\APIGateway.csproj", "{C3FF9C7B-DC19-52B5-B861-716F1AFD9714}"
EndProject
Project("{2150E333-8FDC-42A3-9474-1A3956D46DE8}") = "CatalogService", "CatalogService", "{3589F328-B792-0813-9C42-F5B2961DE19C}"
EndProject
Project("{FAE04EC0-301F-11D3-BF4B-00C04F79EFBC}") = "CatalogService.Api", "Microservices\CatalogService\CatalogService.Api\CatalogService.Api.csproj", "{08A8E079-83DD-E3DA-983B-EA9EB589D563}"
EndProject
Project("{FAE04EC0-301F-11D3-BF4B-00C04F79EFBC}") = "CatalogService.Application", "Microservices\CatalogService\CatalogService.Application\CatalogService.Application.csproj", "{677F92E0-7948-3049-0C79-470F2B3DD553}"
EndProject
Project("{FAE04EC0-301F-11D3-BF4B-00C04F79EFBC}") = "CatalogService.Domain", "Microservices\CatalogService\CatalogService.Domain\CatalogService.Domain.csproj", "{8BCC612D-3575-EF60-7DE7-03C492EF8D5D}"
EndProject
Project("{FAE04EC0-301F-11D3-BF4B-00C04F79EFBC}") = "CatalogService.Infrastructure", "Microservices\CatalogService\CatalogService.Infrastructure\CatalogService.Infrastructure.csproj", "{2D481E75-B990-5D46-13F9-1045A6E35664}"
EndProject
Project("{2150E333-8FDC-42A3-9474-1A3956D46DE8}") = "OrderService", "OrderService", "{60307696-4971-A97C-2018-801EC4ED428B}"
EndProject
Project("{FAE04EC0-301F-11D3-BF4B-00C04F79EFBC}") = "OrderService.Api", "Microservices\OrderService\OrderService.Api\OrderService.Api.csproj", "{FBA03203-4502-9C92-53EA-A833B8C08DDB}"
EndProject
Project("{FAE04EC0-301F-11D3-BF4B-00C04F79EFBC}") = "OrderService.Application", "Microservices\OrderService\OrderService.Application\OrderService.Application.csproj", "{B967587B-7AD4-023E-6C48-12DC78E4DE81}"
EndProject
Project("{FAE04EC0-301F-11D3-BF4B-00C04F79EFBC}") = "OrderService.Domain", "Microservices\OrderService\OrderService.Domain\OrderService.Domain.csproj", "{36B7D913-6D2A-5831-41B6-0CD59FAD0168}"
EndProject
Project("{FAE04EC0-301F-11D3-BF4B-00C04F79EFBC}") = "OrderService.Infrastructure", "Microservices\OrderService\OrderService.Infrastructure\OrderService.Infrastructure.csproj", "{ABDBBEFF-0028-609B-EB02-46E16AB3CD24}"
EndProject
Project("{2150E333-8FDC-42A3-9474-1A3956D46DE8}") = "BasketService", "BasketService", "{0198D149-AFAF-436C-8B2B-057CDC92181C}"
EndProject
Project("{FAE04EC0-301F-11D3-BF4B-00C04F79EFBC}") = "BasketService.Api", "Microservices\BasketService\BasketService.Api\BasketService.Api.csproj", "{E52E8071-25D8-49BF-AD1C-1A789A48A304}"
EndProject
Project("{FAE04EC0-301F-11D3-BF4B-00C04F79EFBC}") = "BasketService.Application", "Microservices\BasketService\BasketService.Application\BasketService.Application.csproj", "{6A6A0F36-3715-4F68-9D3E-E6D397B6B08F}"
EndProject
Project("{FAE04EC0-301F-11D3-BF4B-00C04F79EFBC}") = "BasketService.Domain", "Microservices\BasketService\BasketService.Domain\BasketService.Domain.csproj", "{840305CF-B129-4276-A28B-C006C7A5DB8F}"
EndProject
Project("{FAE04EC0-301F-11D3-BF4B-00C04F79EFBC}") = "BasketService.Infrastructure", "Microservices\BasketService\BasketService.Infrastructure\BasketService.Infrastructure.csproj", "{E48D2E84-F114-4F78-BFB9-090B5D3FFF16}"
EndProject
Project("{2150E333-8FDC-42A3-9474-1A3956D46DE8}") = "Tests", "Tests", "{1A95E580-0254-49F6-93E5-38BCDF036DC6}"
EndProject
Project("{2150E333-8FDC-42A3-9474-1A3956D46DE8}") = "BasketService", "BasketService", "{5F4237DF-7A40-4CF0-871B-3723C8B8D50A}"
EndProject
Project("{FAE04EC0-301F-11D3-BF4B-00C04F79EFBC}") = "BasketService.Domain.Tests", "Microservices\Tests\BasketService\BasketService.Domain.Tests\BasketService.Domain.Tests.csproj", "{299C09AD-8899-47AC-931A-49F52D69E452}"
EndProject
Project("{FAE04EC0-301F-11D3-BF4B-00C04F79EFBC}") = "BasketService.Infrastructure.Tests", "Microservices\Tests\BasketService\BasketService.Infrastructure.Tests\BasketService.Infrastructure.Tests.csproj", "{0C342C54-271F-4F5F-BE06-1C62753B0869}"
EndProject
Project("{FAE04EC0-301F-11D3-BF4B-00C04F79EFBC}") = "BasketService.Application.Tests", "Microservices\Tests\BasketService\BasketService.Application.Tests\BasketService.Application.Tests.csproj", "{681532FF-CAB1-4F08-8025-CD4136E18D8F}"
EndProject
Project("{2150E333-8FDC-42A3-9474-1A3956D46DE8}") = "InventoryService", "InventoryService", "{CEA819D6-AE94-4FC6-9010-DCFFAEAF05F9}"
EndProject
Project("{FAE04EC0-301F-11D3-BF4B-00C04F79EFBC}") = "InventoryService.Domain", "Microservices\InventoryService\InventoryService.Domain\InventoryService.Domain.csproj", "{FE7A8843-0E80-48BE-8F6D-AAF54662E9D8}"
EndProject
Project("{FAE04EC0-301F-11D3-BF4B-00C04F79EFBC}") = "InventoryService.Application", "Microservices\InventoryService\InventoryService.Application\InventoryService.Application.csproj", "{EEDA06CF-3DFD-4204-A51D-DE462D5F80DF}"
EndProject
Project("{FAE04EC0-301F-11D3-BF4B-00C04F79EFBC}") = "InventoryService.Infrastructure", "Microservices\InventoryService\InventoryService.Infrastructure\InventoryService.Infrastructure.csproj", "{EE15ECED-446C-4B43-A42E-C8C888243CF3}"
EndProject
Global
	GlobalSection(SolutionConfigurationPlatforms) = preSolution
		Debug|Any CPU = Debug|Any CPU
		Release|Any CPU = Release|Any CPU
	EndGlobalSection
	GlobalSection(ProjectConfigurationPlatforms) = postSolution
		{951F54B3-7F0C-60F3-C94B-9553209FBEC7}.Debug|Any CPU.ActiveCfg = Debug|Any CPU
		{951F54B3-7F0C-60F3-C94B-9553209FBEC7}.Debug|Any CPU.Build.0 = Debug|Any CPU
		{951F54B3-7F0C-60F3-C94B-9553209FBEC7}.Release|Any CPU.ActiveCfg = Release|Any CPU
		{951F54B3-7F0C-60F3-C94B-9553209FBEC7}.Release|Any CPU.Build.0 = Release|Any CPU
		{C3FF9C7B-DC19-52B5-B861-716F1AFD9714}.Debug|Any CPU.ActiveCfg = Debug|Any CPU
		{C3FF9C7B-DC19-52B5-B861-716F1AFD9714}.Debug|Any CPU.Build.0 = Debug|Any CPU
		{C3FF9C7B-DC19-52B5-B861-716F1AFD9714}.Release|Any CPU.ActiveCfg = Release|Any CPU
		{C3FF9C7B-DC19-52B5-B861-716F1AFD9714}.Release|Any CPU.Build.0 = Release|Any CPU
		{08A8E079-83DD-E3DA-983B-EA9EB589D563}.Debug|Any CPU.ActiveCfg = Debug|Any CPU
		{08A8E079-83DD-E3DA-983B-EA9EB589D563}.Debug|Any CPU.Build.0 = Debug|Any CPU
		{08A8E079-83DD-E3DA-983B-EA9EB589D563}.Release|Any CPU.ActiveCfg = Release|Any CPU
		{08A8E079-83DD-E3DA-983B-EA9EB589D563}.Release|Any CPU.Build.0 = Release|Any CPU
		{677F92E0-7948-3049-0C79-470F2B3DD553}.Debug|Any CPU.ActiveCfg = Debug|Any CPU
		{677F92E0-7948-3049-0C79-470F2B3DD553}.Debug|Any CPU.Build.0 = Debug|Any CPU
		{677F92E0-7948-3049-0C79-470F2B3DD553}.Release|Any CPU.ActiveCfg = Release|Any CPU
		{677F92E0-7948-3049-0C79-470F2B3DD553}.Release|Any CPU.Build.0 = Release|Any CPU
		{8BCC612D-3575-EF60-7DE7-03C492EF8D5D}.Debug|Any CPU.ActiveCfg = Debug|Any CPU
		{8BCC612D-3575-EF60-7DE7-03C492EF8D5D}.Debug|Any CPU.Build.0 = Debug|Any CPU
		{8BCC612D-3575-EF60-7DE7-03C492EF8D5D}.Release|Any CPU.ActiveCfg = Release|Any CPU
		{8BCC612D-3575-EF60-7DE7-03C492EF8D5D}.Release|Any CPU.Build.0 = Release|Any CPU
		{2D481E75-B990-5D46-13F9-1045A6E35664}.Debug|Any CPU.ActiveCfg = Debug|Any CPU
		{2D481E75-B990-5D46-13F9-1045A6E35664}.Debug|Any CPU.Build.0 = Debug|Any CPU
		{2D481E75-B990-5D46-13F9-1045A6E35664}.Release|Any CPU.ActiveCfg = Release|Any CPU
		{2D481E75-B990-5D46-13F9-1045A6E35664}.Release|Any CPU.Build.0 = Release|Any CPU
		{FBA03203-4502-9C92-53EA-A833B8C08DDB}.Debug|Any CPU.ActiveCfg = Debug|Any CPU
		{FBA03203-4502-9C92-53EA-A833B8C08DDB}.Debug|Any CPU.Build.0 = Debug|Any CPU
		{FBA03203-4502-9C92-53EA-A833B8C08DDB}.Release|Any CPU.ActiveCfg = Release|Any CPU
		{FBA03203-4502-9C92-53EA-A833B8C08DDB}.Release|Any CPU.Build.0 = Release|Any CPU
		{B967587B-7AD4-023E-6C48-12DC78E4DE81}.Debug|Any CPU.ActiveCfg = Debug|Any CPU
		{B967587B-7AD4-023E-6C48-12DC78E4DE81}.Debug|Any CPU.Build.0 = Debug|Any CPU
		{B967587B-7AD4-023E-6C48-12DC78E4DE81}.Release|Any CPU.ActiveCfg = Release|Any CPU
		{B967587B-7AD4-023E-6C48-12DC78E4DE81}.Release|Any CPU.Build.0 = Release|Any CPU
		{36B7D913-6D2A-5831-41B6-0CD59FAD0168}.Debug|Any CPU.ActiveCfg = Debug|Any CPU
		{36B7D913-6D2A-5831-41B6-0CD59FAD0168}.Debug|Any CPU.Build.0 = Debug|Any CPU
		{36B7D913-6D2A-5831-41B6-0CD59FAD0168}.Release|Any CPU.ActiveCfg = Release|Any CPU
		{36B7D913-6D2A-5831-41B6-0CD59FAD0168}.Release|Any CPU.Build.0 = Release|Any CPU
		{ABDBBEFF-0028-609B-EB02-46E16AB3CD24}.Debug|Any CPU.ActiveCfg = Debug|Any CPU
		{ABDBBEFF-0028-609B-EB02-46E16AB3CD24}.Debug|Any CPU.Build.0 = Debug|Any CPU
		{ABDBBEFF-0028-609B-EB02-46E16AB3CD24}.Release|Any CPU.ActiveCfg = Release|Any CPU
		{ABDBBEFF-0028-609B-EB02-46E16AB3CD24}.Release|Any CPU.Build.0 = Release|Any CPU
		{E52E8071-25D8-49BF-AD1C-1A789A48A304}.Debug|Any CPU.ActiveCfg = Debug|Any CPU
		{E52E8071-25D8-49BF-AD1C-1A789A48A304}.Debug|Any CPU.Build.0 = Debug|Any CPU
		{E52E8071-25D8-49BF-AD1C-1A789A48A304}.Release|Any CPU.ActiveCfg = Release|Any CPU
		{E52E8071-25D8-49BF-AD1C-1A789A48A304}.Release|Any CPU.Build.0 = Release|Any CPU
		{6A6A0F36-3715-4F68-9D3E-E6D397B6B08F}.Debug|Any CPU.ActiveCfg = Debug|Any CPU
		{6A6A0F36-3715-4F68-9D3E-E6D397B6B08F}.Debug|Any CPU.Build.0 = Debug|Any CPU
		{6A6A0F36-3715-4F68-9D3E-E6D397B6B08F}.Release|Any CPU.ActiveCfg = Release|Any CPU
		{6A6A0F36-3715-4F68-9D3E-E6D397B6B08F}.Release|Any CPU.Build.0 = Release|Any CPU
		{840305CF-B129-4276-A28B-C006C7A5DB8F}.Debug|Any CPU.ActiveCfg = Debug|Any CPU
		{840305CF-B129-4276-A28B-C006C7A5DB8F}.Debug|Any CPU.Build.0 = Debug|Any CPU
		{840305CF-B129-4276-A28B-C006C7A5DB8F}.Release|Any CPU.ActiveCfg = Release|Any CPU
		{840305CF-B129-4276-A28B-C006C7A5DB8F}.Release|Any CPU.Build.0 = Release|Any CPU
		{E48D2E84-F114-4F78-BFB9-090B5D3FFF16}.Debug|Any CPU.ActiveCfg = Debug|Any CPU
		{E48D2E84-F114-4F78-BFB9-090B5D3FFF16}.Debug|Any CPU.Build.0 = Debug|Any CPU
		{E48D2E84-F114-4F78-BFB9-090B5D3FFF16}.Release|Any CPU.ActiveCfg = Release|Any CPU
		{E48D2E84-F114-4F78-BFB9-090B5D3FFF16}.Release|Any CPU.Build.0 = Release|Any CPU
		{299C09AD-8899-47AC-931A-49F52D69E452}.Debug|Any CPU.ActiveCfg = Debug|Any CPU
		{299C09AD-8899-47AC-931A-49F52D69E452}.Debug|Any CPU.Build.0 = Debug|Any CPU
		{299C09AD-8899-47AC-931A-49F52D69E452}.Release|Any CPU.ActiveCfg = Release|Any CPU
		{299C09AD-8899-47AC-931A-49F52D69E452}.Release|Any CPU.Build.0 = Release|Any CPU
		{0C342C54-271F-4F5F-BE06-1C62753B0869}.Debug|Any CPU.ActiveCfg = Debug|Any CPU
		{0C342C54-271F-4F5F-BE06-1C62753B0869}.Debug|Any CPU.Build.0 = Debug|Any CPU
		{0C342C54-271F-4F5F-BE06-1C62753B0869}.Release|Any CPU.ActiveCfg = Release|Any CPU
		{0C342C54-271F-4F5F-BE06-1C62753B0869}.Release|Any CPU.Build.0 = Release|Any CPU
		{681532FF-CAB1-4F08-8025-CD4136E18D8F}.Debug|Any CPU.ActiveCfg = Debug|Any CPU
		{681532FF-CAB1-4F08-8025-CD4136E18D8F}.Debug|Any CPU.Build.0 = Debug|Any CPU
		{681532FF-CAB1-4F08-8025-CD4136E18D8F}.Release|Any CPU.ActiveCfg = Release|Any CPU
		{681532FF-CAB1-4F08-8025-CD4136E18D8F}.Release|Any CPU.Build.0 = Release|Any CPU
		{FE7A8843-0E80-48BE-8F6D-AAF54662E9D8}.Debug|Any CPU.ActiveCfg = Debug|Any CPU
		{FE7A8843-0E80-48BE-8F6D-AAF54662E9D8}.Debug|Any CPU.Build.0 = Debug|Any CPU
		{FE7A8843-0E80-48BE-8F6D-AAF54662E9D8}.Release|Any CPU.ActiveCfg = Release|Any CPU
		{FE7A8843-0E80-48BE-8F6D-AAF54662E9D8}.Release|Any CPU.Build.0 = Release|Any CPU
		{EEDA06CF-3DFD-4204-A51D-DE462D5F80DF}.Debug|Any CPU.ActiveCfg = Debug|Any CPU
		{EEDA06CF-3DFD-4204-A51D-DE462D5F80DF}.Debug|Any CPU.Build.0 = Debug|Any CPU
		{EEDA06CF-3DFD-4204-A51D-DE462D5F80DF}.Release|Any CPU.ActiveCfg = Release|Any CPU
		{EEDA06CF-3DFD-4204-A51D-DE462D5F80DF}.Release|Any CPU.Build.0 = Release|Any CPU
		{EE15ECED-446C-4B43-A42E-C8C888243CF3}.Debug|Any CPU.ActiveCfg = Debug|Any CPU
		{EE15ECED-446C-4B43-A42E-C8C888243CF3}.Debug|Any CPU.Build.0 = Debug|Any CPU
		{EE15ECED-446C-4B43-A42E-C8C888243CF3}.Release|Any CPU.ActiveCfg = Release|Any CPU
		{EE15ECED-446C-4B43-A42E-C8C888243CF3}.Release|Any CPU.Build.0 = Release|Any CPU
	EndGlobalSection
	GlobalSection(SolutionProperties) = preSolution
		HideSolutionNode = FALSE
	EndGlobalSection
	GlobalSection(NestedProjects) = preSolution
		{C3FF9C7B-DC19-52B5-B861-716F1AFD9714} = {25D181DD-5CC9-F0B3-C64F-91E1AA77FD70}
		{3589F328-B792-0813-9C42-F5B2961DE19C} = {8A367DDA-5161-A942-4F09-60E4726C9306}
		{08A8E079-83DD-E3DA-983B-EA9EB589D563} = {3589F328-B792-0813-9C42-F5B2961DE19C}
		{677F92E0-7948-3049-0C79-470F2B3DD553} = {3589F328-B792-0813-9C42-F5B2961DE19C}
		{8BCC612D-3575-EF60-7DE7-03C492EF8D5D} = {3589F328-B792-0813-9C42-F5B2961DE19C}
		{2D481E75-B990-5D46-13F9-1045A6E35664} = {3589F328-B792-0813-9C42-F5B2961DE19C}
		{60307696-4971-A97C-2018-801EC4ED428B} = {8A367DDA-5161-A942-4F09-60E4726C9306}
		{FBA03203-4502-9C92-53EA-A833B8C08DDB} = {60307696-4971-A97C-2018-801EC4ED428B}
		{B967587B-7AD4-023E-6C48-12DC78E4DE81} = {60307696-4971-A97C-2018-801EC4ED428B}
		{36B7D913-6D2A-5831-41B6-0CD59FAD0168} = {60307696-4971-A97C-2018-801EC4ED428B}
		{ABDBBEFF-0028-609B-EB02-46E16AB3CD24} = {60307696-4971-A97C-2018-801EC4ED428B}
		{0198D149-AFAF-436C-8B2B-057CDC92181C} = {8A367DDA-5161-A942-4F09-60E4726C9306}
		{E52E8071-25D8-49BF-AD1C-1A789A48A304} = {0198D149-AFAF-436C-8B2B-057CDC92181C}
		{6A6A0F36-3715-4F68-9D3E-E6D397B6B08F} = {0198D149-AFAF-436C-8B2B-057CDC92181C}
		{840305CF-B129-4276-A28B-C006C7A5DB8F} = {0198D149-AFAF-436C-8B2B-057CDC92181C}
		{E48D2E84-F114-4F78-BFB9-090B5D3FFF16} = {0198D149-AFAF-436C-8B2B-057CDC92181C}
		{1A95E580-0254-49F6-93E5-38BCDF036DC6} = {8A367DDA-5161-A942-4F09-60E4726C9306}
		{5F4237DF-7A40-4CF0-871B-3723C8B8D50A} = {1A95E580-0254-49F6-93E5-38BCDF036DC6}
		{299C09AD-8899-47AC-931A-49F52D69E452} = {5F4237DF-7A40-4CF0-871B-3723C8B8D50A}
		{0C342C54-271F-4F5F-BE06-1C62753B0869} = {5F4237DF-7A40-4CF0-871B-3723C8B8D50A}
		{681532FF-CAB1-4F08-8025-CD4136E18D8F} = {5F4237DF-7A40-4CF0-871B-3723C8B8D50A}
		{CEA819D6-AE94-4FC6-9010-DCFFAEAF05F9} = {8A367DDA-5161-A942-4F09-60E4726C9306}
		{FE7A8843-0E80-48BE-8F6D-AAF54662E9D8} = {CEA819D6-AE94-4FC6-9010-DCFFAEAF05F9}
		{EEDA06CF-3DFD-4204-A51D-DE462D5F80DF} = {CEA819D6-AE94-4FC6-9010-DCFFAEAF05F9}
		{EE15ECED-446C-4B43-A42E-C8C888243CF3} = {CEA819D6-AE94-4FC6-9010-DCFFAEAF05F9}
	EndGlobalSection
	GlobalSection(ExtensibilityGlobals) = postSolution
		SolutionGuid = {D7EA713C-10FD-434D-A795-9C7A53EDC66E}
	EndGlobalSection
EndGlobal
